<?xml version="1.0" encoding="utf-8"?>
<Project ToolsVersion="4.0" xmlns="http://schemas.microsoft.com/developer/msbuild/2003">
  <ItemGroup>
    <Filter Include="Source Files">
      <UniqueIdentifier>{4FC737F1-C7A5-4376-A066-2A32D752A2FF}</UniqueIdentifier>
      <Extensions>cpp;c;cc;cxx;def;odl;idl;hpj;bat;asm;asmx</Extensions>
    </Filter>
    <Filter Include="Header Files">
      <UniqueIdentifier>{93995380-89BD-4b04-88EB-625FBE52EBFB}</UniqueIdentifier>
      <Extensions>h;hh;hpp;hxx;hm;inl;inc;xsd</Extensions>
    </Filter>
    <Filter Include="Resource Files">
      <UniqueIdentifier>{67DA6AB6-F800-4c08-8B7A-83BB121AAD01}</UniqueIdentifier>
      <Extensions>rc;ico;cur;bmp;dlg;rc2;rct;bin;rgs;gif;jpg;jpeg;jpe;resx;tiff;tif;png;wav;mfcribbon-ms</Extensions>
    </Filter>
    <Filter Include="Threads">
      <UniqueIdentifier>{9f8feb03-9a13-4760-99c0-71f40654d811}</UniqueIdentifier>
    </Filter>
    <Filter Include="Containers">
      <UniqueIdentifier>{c9fc33e8-0bf4-4e1d-b54a-9b8cf0e7fb41}</UniqueIdentifier>
    </Filter>
    <Filter Include="Memory">
      <UniqueIdentifier>{5c75a754-0d76-46ff-9aee-74c2c8da2f7f}</UniqueIdentifier>
    </Filter>
    <Filter Include="Network">
      <UniqueIdentifier>{91da1628-7cbe-4a19-933a-424329dba562}</UniqueIdentifier>
    </Filter>
    <Filter Include="Crypt">
      <UniqueIdentifier>{de66dd9e-f787-460a-afa8-42703c4f98fd}</UniqueIdentifier>
    </Filter>
    <Filter Include="Hash">
      <UniqueIdentifier>{e510a505-129d-49b3-88eb-a70a31630b9a}</UniqueIdentifier>
    </Filter>
    <Filter Include="cJSON">
      <UniqueIdentifier>{98e7ac3e-6886-4f7d-9526-0ddcbf7ac73c}</UniqueIdentifier>
    </Filter>
  </ItemGroup>
  <ItemGroup>
    <Text Include="ReadMe.txt" />
  </ItemGroup>
  <ItemGroup>
    <ClInclude Include="lockfreequeue.h">
      <Filter>Containers</Filter>
    </ClInclude>
    <ClInclude Include="ztl_threads.h">
      <Filter>Threads</Filter>
    </ClInclude>
    <ClInclude Include="ztl_base64.h">
      <Filter>Header Files</Filter>
    </ClInclude>
    <ClInclude Include="ztl_utils.h">
      <Filter>Header Files</Filter>
    </ClInclude>
    <ClInclude Include="ztl_logger.h">
      <Filter>Header Files</Filter>
    </ClInclude>
    <ClInclude Include="ztl_map.h">
      <Filter>Containers</Filter>
    </ClInclude>
    <ClInclude Include="ztl_rbtree.h">
      <Filter>Containers</Filter>
    </ClInclude>
    <ClInclude Include="ztl_atomic.h">
      <Filter>Threads</Filter>
    </ClInclude>
    <ClInclude Include="ztl_network.h">
      <Filter>Network</Filter>
    </ClInclude>
    <ClInclude Include="ztl_dyso.h">
      <Filter>Header Files</Filter>
    </ClInclude>
    <ClInclude Include="ztl_mempool.h">
      <Filter>Memory</Filter>
    </ClInclude>
    <ClInclude Include="ztl_locks.h">
      <Filter>Threads</Filter>
    </ClInclude>
    <ClInclude Include="ztl_palloc.h">
      <Filter>Memory</Filter>
    </ClInclude>
    <ClInclude Include="ztl_simple_event.h">
      <Filter>Threads</Filter>
    </ClInclude>
    <ClInclude Include="ztl_threadpool.h">
      <Filter>Threads</Filter>
    </ClInclude>
    <ClInclude Include="ztl_bitset.h">
      <Filter>Containers</Filter>
    </ClInclude>
    <ClInclude Include="ztl_array.h">
      <Filter>Containers</Filter>
    </ClInclude>
    <ClInclude Include="ztl_buffer.h">
      <Filter>Containers</Filter>
    </ClInclude>
    <ClInclude Include="ztl_linklist.h">
      <Filter>Containers</Filter>
    </ClInclude>
    <ClInclude Include="ztl_producer_consumer.h">
      <Filter>Threads</Filter>
    </ClInclude>
    <ClInclude Include="ztl_malloc.h">
      <Filter>Memory</Filter>
    </ClInclude>
    <ClInclude Include="ztl_unit_test.h">
      <Filter>Header Files</Filter>
    </ClInclude>
    <ClInclude Include="ztl_shm.h">
      <Filter>Memory</Filter>
    </ClInclude>
    <ClInclude Include="ztl_common.h">
      <Filter>Header Files</Filter>
    </ClInclude>
    <ClInclude Include="ztl_config.h">
      <Filter>Header Files</Filter>
    </ClInclude>
    <ClInclude Include="ztl_win32_stacktrace.h">
      <Filter>Header Files</Filter>
    </ClInclude>
    <ClInclude Include="ztl_aes.h">
      <Filter>Crypt</Filter>
    </ClInclude>
    <ClInclude Include="ztl_evloop.h">
      <Filter>Network</Filter>
    </ClInclude>
    <ClInclude Include="ztl_evloop_private.h">
      <Filter>Network</Filter>
    </ClInclude>
    <ClInclude Include="ztl_tcp_server.h">
      <Filter>Network</Filter>
    </ClInclude>
    <ClInclude Include="ztl_protocol.h">
      <Filter>Network</Filter>
    </ClInclude>
    <ClInclude Include="ztl_times.h">
      <Filter>Header Files</Filter>
    </ClInclude>
    <ClInclude Include="ztl_crypt.h">
      <Filter>Crypt</Filter>
    </ClInclude>
    <ClInclude Include="ztl_fixapi.h">
      <Filter>Header Files</Filter>
    </ClInclude>
    <ClInclude Include="ztl_dict.h">
      <Filter>Containers</Filter>
    </ClInclude>
    <ClInclude Include="ztl_hash.h">
      <Filter>Hash</Filter>
    </ClInclude>
    <ClInclude Include="ztl_msg_buffer.h">
      <Filter>Containers</Filter>
    </ClInclude>
    <ClInclude Include="ztl_dlist.h">
      <Filter>Containers</Filter>
    </ClInclude>
    <ClInclude Include="ztl_evtimer.h">
      <Filter>Network</Filter>
    </ClInclude>
    <ClInclude Include="ztl_md5.h">
      <Filter>Hash</Filter>
    </ClInclude>
    <ClInclude Include="ztl_sha1.h">
      <Filter>Hash</Filter>
    </ClInclude>
    <ClInclude Include="ztl_memcpy.h">
      <Filter>Header Files</Filter>
    </ClInclude>
    <ClInclude Include="ztl_crc.h">
      <Filter>Hash</Filter>
    </ClInclude>
    <ClInclude Include="cJSON.h">
      <Filter>cJSON</Filter>
    </ClInclude>
    <ClInclude Include="ztl_event_dispatcher.h">
      <Filter>Threads</Filter>
    </ClInclude>
    <ClInclude Include="ztl_blocking_queue.h">
      <Filter>Threads</Filter>
    </ClInclude>
    <ClInclude Include="ztl_vector.h">
      <Filter>Containers</Filter>
    </ClInclude>
    <ClInclude Include="ztl_memdb.h">
      <Filter>Memory</Filter>
    </ClInclude>
    <ClInclude Include="ztl_dstr.h">
      <Filter>Containers</Filter>
    </ClInclude>
    <ClInclude Include="ztl_mem.h">
      <Filter>Memory</Filter>
    </ClInclude>
    <ClInclude Include="ztl_table.h">
      <Filter>Containers</Filter>
    </ClInclude>
    <ClInclude Include="ztl_ring.h">
      <Filter>Containers</Filter>
    </ClInclude>
    <ClInclude Include="ztl_heap.h">
      <Filter>Containers</Filter>
    </ClInclude>
    <ClInclude Include="ztl_tcp_client.h">
      <Filter>Network</Filter>
    </ClInclude>
    <ClInclude Include="ztl_errors.h">
      <Filter>Header Files</Filter>
    </ClInclude>
    <ClInclude Include="ztl_bufcat.h">
      <Filter>Containers</Filter>
    </ClInclude>
    <ClInclude Include="ztl_getopt.h">
      <Filter>Header Files</Filter>
    </ClInclude>
  </ItemGroup>
  <ItemGroup>
    <ClCompile Include="lockfreequeue.c">
      <Filter>Containers</Filter>
    </ClCompile>
    <ClCompile Include="ztl_threads.c">
      <Filter>Threads</Filter>
    </ClCompile>
    <ClCompile Include="ztl_map.c">
      <Filter>Containers</Filter>
    </ClCompile>
    <ClCompile Include="ztl_rbtree.c">
      <Filter>Containers</Filter>
    </ClCompile>
    <ClCompile Include="ztl_base64.c">
      <Filter>Source Files</Filter>
    </ClCompile>
    <ClCompile Include="ztl_utils.c">
      <Filter>Source Files</Filter>
    </ClCompile>
    <ClCompile Include="ztl_logger.c">
      <Filter>Source Files</Filter>
    </ClCompile>
    <ClCompile Include="ztl_network.c">
      <Filter>Network</Filter>
    </ClCompile>
    <ClCompile Include="ztl_dyso.c">
      <Filter>Source Files</Filter>
    </ClCompile>
    <ClCompile Include="ztl_mempool.c">
      <Filter>Memory</Filter>
    </ClCompile>
    <ClCompile Include="ztl_locks.c">
      <Filter>Threads</Filter>
    </ClCompile>
    <ClCompile Include="ztl_palloc.c">
      <Filter>Memory</Filter>
    </ClCompile>
    <ClCompile Include="ztl_simple_event.c">
      <Filter>Threads</Filter>
    </ClCompile>
    <ClCompile Include="ztl_threadpool.c">
      <Filter>Threads</Filter>
    </ClCompile>
    <ClCompile Include="ztl_array.c">
      <Filter>Containers</Filter>
    </ClCompile>
    <ClCompile Include="ztl_buffer.c">
      <Filter>Containers</Filter>
    </ClCompile>
    <ClCompile Include="ztl_producer_consumer.c">
      <Filter>Threads</Filter>
    </ClCompile>
    <ClCompile Include="ztl_malloc.c">
      <Filter>Memory</Filter>
    </ClCompile>
    <ClCompile Include="ztl_unit_test.c">
      <Filter>Source Files</Filter>
    </ClCompile>
    <ClCompile Include="ztl_shm.c">
      <Filter>Memory</Filter>
    </ClCompile>
    <ClCompile Include="ztl_linklist.c">
      <Filter>Containers</Filter>
    </ClCompile>
    <ClCompile Include="ztl_config.c">
      <Filter>Source Files</Filter>
    </ClCompile>
    <ClCompile Include="ztl_win32_stacktrace.c">
      <Filter>Source Files</Filter>
    </ClCompile>
    <ClCompile Include="ztl_aes.c">
      <Filter>Crypt</Filter>
    </ClCompile>
    <ClCompile Include="ztl_evloop_private.c">
      <Filter>Network</Filter>
    </ClCompile>
    <ClCompile Include="ztl_evloop_select.c">
      <Filter>Network</Filter>
    </ClCompile>
    <ClCompile Include="ztl_evloop.c">
      <Filter>Network</Filter>
    </ClCompile>
    <ClCompile Include="ztl_evloop_epoll.c">
      <Filter>Network</Filter>
    </ClCompile>
    <ClCompile Include="ztl_evloop_iocp.c">
      <Filter>Network</Filter>
    </ClCompile>
    <ClCompile Include="ztl_tcp_server.c">
      <Filter>Network</Filter>
    </ClCompile>
    <ClCompile Include="ztl_crypt.c">
      <Filter>Crypt</Filter>
    </ClCompile>
    <ClCompile Include="ztl_fixapi.c">
      <Filter>Source Files</Filter>
    </ClCompile>
    <ClCompile Include="ztl_dict.c">
      <Filter>Containers</Filter>
    </ClCompile>
    <ClCompile Include="siphash.c">
      <Filter>Hash</Filter>
    </ClCompile>
    <ClCompile Include="ztl_hash.c">
      <Filter>Hash</Filter>
    </ClCompile>
    <ClCompile Include="ztl_msg_buffer.c">
      <Filter>Containers</Filter>
    </ClCompile>
    <ClCompile Include="ztl_dlist.c">
      <Filter>Containers</Filter>
    </ClCompile>
    <ClCompile Include="ztl_evtimer.c">
      <Filter>Network</Filter>
    </ClCompile>
    <ClCompile Include="ztl_md5.c">
      <Filter>Hash</Filter>
    </ClCompile>
    <ClCompile Include="ztl_sha1.c">
      <Filter>Hash</Filter>
    </ClCompile>
    <ClCompile Include="ztl_memcpy.c">
      <Filter>Source Files</Filter>
    </ClCompile>
    <ClCompile Include="ztl_crc.c">
      <Filter>Hash</Filter>
    </ClCompile>
    <ClCompile Include="cJSON.c">
      <Filter>cJSON</Filter>
    </ClCompile>
    <ClCompile Include="ztl_event_dispatcher.c">
      <Filter>Threads</Filter>
    </ClCompile>
    <ClCompile Include="ztl_blocking_queue.c">
      <Filter>Threads</Filter>
    </ClCompile>
    <ClCompile Include="ztl_vector.c">
      <Filter>Containers</Filter>
    </ClCompile>
    <ClCompile Include="ztl_memdb.c">
      <Filter>Memory</Filter>
    </ClCompile>
    <ClCompile Include="ztl_dstr.c">
      <Filter>Containers</Filter>
    </ClCompile>
    <ClCompile Include="ztl_mem.c">
      <Filter>Memory</Filter>
    </ClCompile>
    <ClCompile Include="ztl_table.c">
      <Filter>Containers</Filter>
    </ClCompile>
    <ClCompile Include="ztl_ring.c">
      <Filter>Containers</Filter>
    </ClCompile>
    <ClCompile Include="ztl_heap.c">
      <Filter>Containers</Filter>
    </ClCompile>
    <ClCompile Include="ztl_times.c">
      <Filter>Source Files</Filter>
    </ClCompile>
    <ClCompile Include="ztl_win32_getopt.c">
      <Filter>Source Files</Filter>
    </ClCompile>
    <ClCompile Include="ztl_tcp_client.c">
      <Filter>Network</Filter>
    </ClCompile>
    <ClCompile Include="ztl_bufcat.c">
      <Filter>Containers</Filter>
    </ClCompile>
  </ItemGroup>
</Project>